
Microsoft Visual Studio Solution File, Format Version 12.00
# Visual Studio Version 17
VisualStudioVersion = 17.11.35219.272
MinimumVisualStudioVersion = 10.0.40219.1
Project("{9A19103F-16F7-4668-BE54-9A1E7A4F7556}") = "LouageExpress.Api", "LouageExpress.Api\LouageExpress.Api.csproj", "{782437AF-74E5-478D-97B8-00A59FB080FD}"
EndProject
Global
	GlobalSection(SolutionConfigurationPlatforms) = preSolution
		Debug|Any CPU = Debug|Any CPU
		Release|Any CPU = Release|Any CPU
	EndGlobalSection
	GlobalSection(ProjectConfigurationPlatforms) = postSolution
		{782437AF-74E5-478D-97B8-00A59FB080FD}.Debug|Any CPU.ActiveCfg = Debug|Any CPU
		{782437AF-74E5-478D-97B8-00A59FB080FD}.Debug|Any CPU.Build.0 = Debug|Any CPU
		{782437AF-74E5-478D-97B8-00A59FB080FD}.Release|Any CPU.ActiveCfg = Release|Any CPU
		{782437AF-74E5-478D-97B8-00A59FB080FD}.Release|Any CPU.Build.0 = Release|Any CPU
	EndGlobalSection
	GlobalSection(SolutionProperties) = preSolution
		HideSolutionNode = FALSE
	EndGlobalSection
	GlobalSection(ExtensibilityGlobals) = postSolution
		SolutionGuid = {C75411F0-51C1-4708-B8B5-0D239A55C37F}
	EndGlobalSection
EndGlobal
